
Microsoft Visual Studio Solution File, Format Version 12.00
# Visual Studio Version 17
VisualStudioVersion = 17.12.35707.178 d17.12
MinimumVisualStudioVersion = 10.0.40219.1
Project("{FAE04EC0-301F-11D3-BF4B-00C04F79EFBC}") = "Purple Hollow Wedding Planners", "Purple Hollow Wedding Planners.csproj", "{70FECCD3-2868-41FE-A239-ED224E54DD0E}"
EndProject
Global
	GlobalSection(SolutionConfigurationPlatforms) = preSolution
		Debug|Any CPU = Debug|Any CPU
		Release|Any CPU = Release|Any CPU
	EndGlobalSection
	GlobalSection(ProjectConfigurationPlatforms) = postSolution
		{70FECCD3-2868-41FE-A239-ED224E54DD0E}.Debug|Any CPU.ActiveCfg = Debug|Any CPU
		{70FECCD3-2868-41FE-A239-ED224E54DD0E}.Debug|Any CPU.Build.0 = Debug|Any CPU
		{70FECCD3-2868-41FE-A239-ED224E54DD0E}.Release|Any CPU.ActiveCfg = Release|Any CPU
		{70FECCD3-2868-41FE-A239-ED224E54DD0E}.Release|Any CPU.Build.0 = Release|Any CPU
	EndGlobalSection
	GlobalSection(SolutionProperties) = preSolution
		HideSolutionNode = FALSE
	EndGlobalSection
EndGlobal
